version = 1
revision = 2
requires-python = ">=3.10"

[[package]]
name = "line-profiler"
version = "4.2.0"
source = { registry = "https://pypi.org/simple" }
sdist = { url = "https://files.pythonhosted.org/packages/55/3f/f0659eb67f76022b5f7722cdc71a6059536e11f20c9dcc5a96a2f923923d/line_profiler-4.2.0.tar.gz", hash = "sha256:09e10f25f876514380b3faee6de93fb0c228abba85820ba1a591ddb3eb451a96", size = 199037, upload-time = "2024-12-03T17:12:20.08Z" }
wheels = [
    { url = "https://files.pythonhosted.org/packages/fa/24/a7f141527f126965d141733140c648710b39daf00417afe9c459ebbb89e0/line_profiler-4.2.0-cp310-cp310-macosx_10_9_universal2.whl", hash = "sha256:70e2503f52ee6464ac908b578d73ad6dae21d689c95f2252fee97d7aa8426693", size = 221762, upload-time = "2024-12-03T17:10:58.782Z" },
    { url = "https://files.pythonhosted.org/packages/1b/9c/3a215f70f4d1946eb3afb9a07def86242f108d138ae250eb23b70f56ceb1/line_profiler-4.2.0-cp310-cp310-macosx_10_9_x86_64.whl", hash = "sha256:b6047c8748d7a2453522eaea3edc8d9febc658b57f2ea189c03fe3d5e34595b5", size = 141549, upload-time = "2024-12-03T17:11:01.294Z" },
    { url = "https://files.pythonhosted.org/packages/55/8a/187ba46030274c29d898d4b47eeac53a833450037634e87e6aa78be9cb8f/line_profiler-4.2.0-cp310-cp310-macosx_11_0_arm64.whl", hash = "sha256:0048360a2afbd92c0b423f8207af1f6581d85c064c0340b0d02c63c8e0c8292c", size = 134961, upload-time = "2024-12-03T17:11:03.049Z" },
    { url = "https://files.pythonhosted.org/packages/bf/f8/efe6b3be4f0b15ca977da4bf54e40a27d4210fda11e82fe8ad802f259cc8/line_profiler-4.2.0-cp310-cp310-manylinux_2_17_i686.manylinux2014_i686.whl", hash = "sha256:0e71fa1c85f21e3de575c7c617fd4eb607b052cc7b4354035fecc18f3f2a4317", size = 700997, upload-time = "2024-12-03T17:11:04.879Z" },
    { url = "https://files.pythonhosted.org/packages/e0/e3/3a3206285f8df202d00da7aa67664a3892a0ed607a15f59a64516c112266/line_profiler-4.2.0-cp310-cp310-manylinux_2_17_x86_64.manylinux2014_x86_64.whl", hash = "sha256:c5ec99d48cffdf36efbcd7297e81cc12bf2c0a7e0627a567f3ab0347e607b242", size = 718256, upload-time = "2024-12-03T17:11:07.29Z" },
    { url = "https://files.pythonhosted.org/packages/83/19/ada8573aff98a7893f4c960e51e37abccc8a758855d6f0af55a3c002af5f/line_profiler-4.2.0-cp310-cp310-musllinux_1_2_i686.whl", hash = "sha256:bfc9582f19a64283434fc6a3fd41a3a51d59e3cce2dc7adc5fe859fcae67e746", size = 1801932, upload-time = "2024-12-03T17:11:08.745Z" },
    { url = "https://files.pythonhosted.org/packages/d9/9c/91c22b6ef3275c0eefb0d72da7a50114c20ef595086982679c6ae2dfbf20/line_profiler-4.2.0-cp310-cp310-musllinux_1_2_x86_64.whl", hash = "sha256:2b5dcfb3205e18c98c94388065f1604dc9d709df4dd62300ff8c5bbbd9bd163f", size = 1706908, upload-time = "2024-12-03T17:11:11.436Z" },
    { url = "https://files.pythonhosted.org/packages/bc/af/a71d69019639313a7d9c5e86fdc819cdce8b0745356d20daf05050070463/line_profiler-4.2.0-cp310-cp310-win_amd64.whl", hash = "sha256:4999eb1db5d52cb34a5293941986eea4357fb9fe3305a160694e5f13c9ec4008", size = 128018, upload-time = "2024-12-03T17:11:12.862Z" },
    { url = "https://files.pythonhosted.org/packages/2f/8b/cd2a2ad1b80a92f3a5c707945c839fec7170b6e3790b2d86f275e6dee5fe/line_profiler-4.2.0-cp311-cp311-macosx_10_9_universal2.whl", hash = "sha256:402406f200401a496fb93e1788387bf2d87c921d7f8f7e5f88324ac9efb672ac", size = 221775, upload-time = "2024-12-03T17:11:14.1Z" },
    { url = "https://files.pythonhosted.org/packages/8a/43/916491dc01aa4bfa08c0e1868af6c7f14bef3c7b4ed652fd4df7e1c2e8e7/line_profiler-4.2.0-cp311-cp311-macosx_10_9_x86_64.whl", hash = "sha256:d9a0b5696f1ad42bb31e90706e5d57845833483d1d07f092b66b4799847a2f76", size = 141769, upload-time = "2024-12-03T17:11:16.41Z" },
    { url = "https://files.pythonhosted.org/packages/40/51/cbeab2995b18c74db1bfdf0ac07910661be1fc2afa7425c899d940001097/line_profiler-4.2.0-cp311-cp311-macosx_11_0_arm64.whl", hash = "sha256:f2f950fa19f797a9ab55c8d7b33a7cdd95c396cf124c3adbc1cf93a1978d2767", size = 134789, upload-time = "2024-12-03T17:11:17.642Z" },
    { url = "https://files.pythonhosted.org/packages/b1/c8/e94b4ef5854515e0f3baad48e9ebc335d8bd4f9f05336167c6c65446b79a/line_profiler-4.2.0-cp311-cp311-manylinux_2_17_i686.manylinux2014_i686.whl", hash = "sha256:7d09fd8f580716da5a0b9a7f544a306b468f38eee28ba2465c56e0aa5d7d1822", size = 728859, upload-time = "2024-12-03T17:11:19.614Z" },
    { url = "https://files.pythonhosted.org/packages/6d/ae/b92c4cfa52a84d794907e7ce6e206fa3ea4e4a6d7b950c525b8d118988fc/line_profiler-4.2.0-cp311-cp311-manylinux_2_17_x86_64.manylinux2014_x86_64.whl", hash = "sha256:628f585960c6538873a9760d112db20b76b6035d3eaad7711a8bd80fa909d7ea", size = 750156, upload-time = "2024-12-03T17:11:21.066Z" },
    { url = "https://files.pythonhosted.org/packages/60/9f/c18cf5b17d79e5b420b35c73cb9fad299f779cf78a4812c97266962dfd55/line_profiler-4.2.0-cp311-cp311-musllinux_1_2_i686.whl", hash = "sha256:63ed929c7d41e230cc1c4838c25bbee165d7f2fa974ca28d730ea69e501fc44d", size = 1828250, upload-time = "2024-12-03T17:11:22.583Z" },
    { url = "https://files.pythonhosted.org/packages/d2/dc/14daab09eb1e30772d42b23140e5716034fbeb04224e6903c208212b9e97/line_profiler-4.2.0-cp311-cp311-musllinux_1_2_x86_64.whl", hash = "sha256:6bda74fc206ba375396068526e9e7b5466a24c7e54cbd6ee1c98c1e0d1f0fd99", size = 1739326, upload-time = "2024-12-03T17:11:24.12Z" },
    { url = "https://files.pythonhosted.org/packages/79/4b/8acfbc5413ed87ebaaa1fc2844e59da3136661885d8be2797e0d20d0ac25/line_profiler-4.2.0-cp311-cp311-win_amd64.whl", hash = "sha256:eaf6eb827c202c07b8b8d82363bb039a6747fbf84ca04279495a91b7da3b773f", size = 128882, upload-time = "2024-12-03T17:11:25.623Z" },
    { url = "https://files.pythonhosted.org/packages/08/7c/f8330f4533434a90daa240ea9a3296e704a5d644339352316e20102add6f/line_profiler-4.2.0-cp312-cp312-macosx_10_13_universal2.whl", hash = "sha256:82d29887f1226938a86db30ca3a125b1bde89913768a2a486fa14d0d3f8c0d91", size = 221536, upload-time = "2024-12-03T17:11:27.029Z" },
    { url = "https://files.pythonhosted.org/packages/29/4b/0f6fba16a9f67e083a277242a24344c0a482263a47462b4ce50c6cc7a5dc/line_profiler-4.2.0-cp312-cp312-macosx_10_13_x86_64.whl", hash = "sha256:bf60706467203db0a872b93775a5e5902a02b11d79f8f75a8f8ef381b75789e1", size = 141581, upload-time = "2024-12-03T17:11:29.202Z" },
    { url = "https://files.pythonhosted.org/packages/5c/2b/a3a76c5879a3540b44eacdd0276e566a9c7fc381978fc527b6fc8e67a513/line_profiler-4.2.0-cp312-cp312-macosx_11_0_arm64.whl", hash = "sha256:934fd964eed9bed87e3c01e8871ee6bdc54d10edf7bf14d20e72f7be03567ae3", size = 134641, upload-time = "2024-12-03T17:11:30.494Z" },
    { url = "https://files.pythonhosted.org/packages/b3/e3/6381342ea05e42205322170cebcc0f0b7c7b6c63e259a2bcade65c6be0b4/line_profiler-4.2.0-cp312-cp312-manylinux_2_17_i686.manylinux2014_i686.whl", hash = "sha256:d623e5b37fa48c7ad0c29b4353244346a5dcb1bf75e117e19400b8ffd3393d1b", size = 693309, upload-time = "2024-12-03T17:11:32.609Z" },
    { url = "https://files.pythonhosted.org/packages/28/5a/2aa1c21bf5568f019343a6e8505cba35c70edd9acb0ed863b0b8f928dd15/line_profiler-4.2.0-cp312-cp312-manylinux_2_17_x86_64.manylinux2014_x86_64.whl", hash = "sha256:efcdbed9ba9003792d8bfd56c11bb3d4e29ad7e0d2f583e1c774de73bbf02933", size = 720065, upload-time = "2024-12-03T17:11:34.78Z" },
    { url = "https://files.pythonhosted.org/packages/4c/d3/e596439f55d347e5c9c6cde8fef6dcdab02f29e3fc8db7b14e0303b38274/line_profiler-4.2.0-cp312-cp312-musllinux_1_2_i686.whl", hash = "sha256:df0149c191a95f2dbc93155b2f9faaee563362d61e78b8986cdb67babe017cdc", size = 1787230, upload-time = "2024-12-03T17:11:36.438Z" },
    { url = "https://files.pythonhosted.org/packages/75/45/bc7d816ab60f0d8397090a32c3f798a53253ceb18d83f900434425d3b70f/line_profiler-4.2.0-cp312-cp312-musllinux_1_2_x86_64.whl", hash = "sha256:5e3a1ca491a8606ed674882b59354087f6e9ab6b94aa6d5fa5d565c6f2acc7a8", size = 1701460, upload-time = "2024-12-03T17:11:38.593Z" },
    { url = "https://files.pythonhosted.org/packages/dd/aa/b7c02db2668bfd8de7b84f3d13dc36e4aca7dc8dba978b34f9e56dd0f103/line_profiler-4.2.0-cp312-cp312-win_amd64.whl", hash = "sha256:a85ff57d4ef9d899ca12d6b0883c3cab1786388b29d2fb5f30f909e70bb9a691", size = 128330, upload-time = "2024-12-03T17:11:40.07Z" },
    { url = "https://files.pythonhosted.org/packages/34/33/44bdf36948154a76aee5652dd405ce50a45fa4177c987c1694eea13eac31/line_profiler-4.2.0-cp313-cp313-macosx_10_13_universal2.whl", hash = "sha256:49db0804e9e330076f0b048d63fd3206331ca0104dd549f61b2466df0f10ecda", size = 218791, upload-time = "2024-12-03T17:11:41.16Z" },
    { url = "https://files.pythonhosted.org/packages/51/78/7a41c05af37e0b7230593f3ae8d06d45a122fb84e1e70dcbba319c080887/line_profiler-4.2.0-cp313-cp313-macosx_10_13_x86_64.whl", hash = "sha256:2e983ed4fb2cd68bb8896f6bad7f29ddf9112b978f700448510477bc9fde18db", size = 140191, upload-time = "2024-12-03T17:11:43.044Z" },
    { url = "https://files.pythonhosted.org/packages/d9/03/ac68ebaffa41d4fda12d8ecb47b686d8c1a0fad6db03bdfb3490ad6035c7/line_profiler-4.2.0-cp313-cp313-macosx_11_0_arm64.whl", hash = "sha256:d6b27c5880b29369e6bebfe434a16c60cbcd290aa4c384ac612e5777737893f8", size = 133297, upload-time = "2024-12-03T17:11:44.976Z" },
    { url = "https://files.pythonhosted.org/packages/da/19/2ae0d8f9e39ad3413a219f69acb23a371c99863d48cce0273926d9dc4204/line_profiler-4.2.0-cp313-cp313-manylinux_2_17_i686.manylinux2014_i686.whl", hash = "sha256:ae2584dc0af3107efa60bd2ccaa7233dca98e3dff4b11138c0ac30355bc87f1a", size = 691235, upload-time = "2024-12-03T17:11:46.932Z" },
    { url = "https://files.pythonhosted.org/packages/e4/36/ecc106dd448a112455a8585db0994886b0439bbf808215249a89302dd626/line_profiler-4.2.0-cp313-cp313-manylinux_2_17_x86_64.manylinux2014_x86_64.whl", hash = "sha256:6767d8b922a7368b6917a47c164c3d96d48b82109ad961ef518e78800947cef4", size = 718497, upload-time = "2024-12-03T17:11:48.961Z" },
    { url = "https://files.pythonhosted.org/packages/8a/61/6293341fbcc6c5b4469f49bd94f37fea5d2efc8cce441809012346a5b7d0/line_profiler-4.2.0-cp313-cp313-musllinux_1_2_x86_64.whl", hash = "sha256:3137672a769717be4da3a6e006c3bd7b66ad4a341ba89ee749ef96c158a15b22", size = 1701191, upload-time = "2024-12-03T17:11:50.41Z" },
    { url = "https://files.pythonhosted.org/packages/23/9c/ab8a94c30c082caca87bc0db78efe91372e45d35a700ef07ffe78ed10cda/line_profiler-4.2.0-cp313-cp313-win_amd64.whl", hash = "sha256:727e970d358616a1a33d51d696efec932a5ef7730785df62658bd7e74aa58951", size = 128232, upload-time = "2024-12-03T17:11:51.741Z" },
]

[[package]]
name = "poc-line-profiler"
version = "0.1.0"
source = { virtual = "." }
dependencies = [
    { name = "line-profiler" },
]

[package.metadata]
requires-dist = [{ name = "line-profiler", specifier = ">=4.2.0" }]
